
Microsoft Visual Studio Solution File, Format Version 12.00
# Visual Studio 15
VisualStudioVersion = 15.0.28010.0
MinimumVisualStudioVersion = 10.0.40219.1
Project("{FAE04EC0-301F-11D3-BF4B-00C04F79EFBC}") = "TestCustomAuth", "TestCustomAuth\TestCustomAuth.csproj", "{9C5205B6-D81F-4B20-85FB-3C125D6BB970}"
EndProject
Global
	GlobalSection(SolutionConfigurationPlatforms) = preSolution
		Debug|Any CPU = Debug|Any CPU
		Release|Any CPU = Release|Any CPU
	EndGlobalSection
	GlobalSection(ProjectConfigurationPlatforms) = postSolution
		{9C5205B6-D81F-4B20-85FB-3C125D6BB970}.Debug|Any CPU.ActiveCfg = Debug|Any CPU
		{9C5205B6-D81F-4B20-85FB-3C125D6BB970}.Debug|Any CPU.Build.0 = Debug|Any CPU
		{9C5205B6-D81F-4B20-85FB-3C125D6BB970}.Release|Any CPU.ActiveCfg = Release|Any CPU
		{9C5205B6-D81F-4B20-85FB-3C125D6BB970}.Release|Any CPU.Build.0 = Release|Any CPU
	EndGlobalSection
	GlobalSection(SolutionProperties) = preSolution
		HideSolutionNode = FALSE
	EndGlobalSection
	GlobalSection(ExtensibilityGlobals) = postSolution
		SolutionGuid = {0EADA27E-C0F7-4FCD-8610-595B21978A7D}
	EndGlobalSection
EndGlobal
